
Microsoft Visual Studio Solution File, Format Version 12.00
# Visual Studio Version 17
VisualStudioVersion = 17.11.35312.102
MinimumVisualStudioVersion = 10.0.40219.1
Project("{9A19103F-16F7-4668-BE54-9A1E7A4F7556}") = "SHADotNetCore.ConsoleApp", "SHADotNetCore.ConsoleApp\SHADotNetCore.ConsoleApp.csproj", "{8599F591-EA4C-4429-9557-DD25AE1150C6}"
EndProject
Project("{9A19103F-16F7-4668-BE54-9A1E7A4F7556}") = "SHADotNetCore.Database", "SHADotNetCore.Database\SHADotNetCore.Database.csproj", "{79DBBA0C-1F14-44D9-BA3D-EFA114AA3C6E}"
EndProject
Project("{9A19103F-16F7-4668-BE54-9A1E7A4F7556}") = "SHADotnetCore.ConsoleApp2", "SHADotnetCore.ConsoleApp2\SHADotnetCore.ConsoleApp2.csproj", "{8A2AEC99-B93D-4F49-8D6B-754B80B27893}"
EndProject
Project("{9A19103F-16F7-4668-BE54-9A1E7A4F7556}") = "SHADotNetCore.RestApi", "SHADotNetCore.RestApi\SHADotNetCore.RestApi.csproj", "{1FEBFDD9-0D57-43D2-956E-1C9FDC6C9695}"
EndProject
Project("{9A19103F-16F7-4668-BE54-9A1E7A4F7556}") = "SHADotNetCore.MinimalApi", "SHADotNetCore.MinimalApi\SHADotNetCore.MinimalApi.csproj", "{EE2D048E-4428-4585-9D7E-1380EA04ACA8}"
EndProject
Project("{9A19103F-16F7-4668-BE54-9A1E7A4F7556}") = "SHADotNetCore.Birds.MinimalApi", "SHADotNetCore.Birds.MinimalApi\SHADotNetCore.Birds.MinimalApi.csproj", "{F182FABA-AE63-4C41-8666-22A63B48E40F}"
EndProject
Project("{9A19103F-16F7-4668-BE54-9A1E7A4F7556}") = "SHADotNetCore.Domin", "SHADotNetCore.Domin\SHADotNetCore.Domin.csproj", "{23F322B9-7B9B-4C03-BA40-74F17AE78C54}"
EndProject
Project("{9A19103F-16F7-4668-BE54-9A1E7A4F7556}") = "SHADotNetCore.TodoApp", "SHADotNetCore.TodoApp\SHADotNetCore.TodoApp.csproj", "{D6D58C85-E722-4605-9293-F0501CAABD79}"
EndProject
Project("{FAE04EC0-301F-11D3-BF4B-00C04F79EFBC}") = "SHADotNetCore.MiniKBZPay", "SHADotNetCore.MiniKBZPay\SHADotNetCore.MiniKBZPay.csproj", "{BD5631CA-2CB5-4274-8D64-BC36841BE233}"
EndProject
Project("{FAE04EC0-301F-11D3-BF4B-00C04F79EFBC}") = "SHADotNetCore.ConsoleApp3", "SHADotNetCore.ConsoleApp3\SHADotNetCore.ConsoleApp3.csproj", "{EEB20748-01A3-4F54-A9D6-B49A0F55C81E}"
EndProject
Global
	GlobalSection(SolutionConfigurationPlatforms) = preSolution
		Debug|Any CPU = Debug|Any CPU
		Release|Any CPU = Release|Any CPU
	EndGlobalSection
	GlobalSection(ProjectConfigurationPlatforms) = postSolution
		{8599F591-EA4C-4429-9557-DD25AE1150C6}.Debug|Any CPU.ActiveCfg = Debug|Any CPU
		{8599F591-EA4C-4429-9557-DD25AE1150C6}.Debug|Any CPU.Build.0 = Debug|Any CPU
		{8599F591-EA4C-4429-9557-DD25AE1150C6}.Release|Any CPU.ActiveCfg = Release|Any CPU
		{8599F591-EA4C-4429-9557-DD25AE1150C6}.Release|Any CPU.Build.0 = Release|Any CPU
		{79DBBA0C-1F14-44D9-BA3D-EFA114AA3C6E}.Debug|Any CPU.ActiveCfg = Debug|Any CPU
		{79DBBA0C-1F14-44D9-BA3D-EFA114AA3C6E}.Debug|Any CPU.Build.0 = Debug|Any CPU
		{79DBBA0C-1F14-44D9-BA3D-EFA114AA3C6E}.Release|Any CPU.ActiveCfg = Release|Any CPU
		{79DBBA0C-1F14-44D9-BA3D-EFA114AA3C6E}.Release|Any CPU.Build.0 = Release|Any CPU
		{8A2AEC99-B93D-4F49-8D6B-754B80B27893}.Debug|Any CPU.ActiveCfg = Debug|Any CPU
		{8A2AEC99-B93D-4F49-8D6B-754B80B27893}.Debug|Any CPU.Build.0 = Debug|Any CPU
		{8A2AEC99-B93D-4F49-8D6B-754B80B27893}.Release|Any CPU.ActiveCfg = Release|Any CPU
		{8A2AEC99-B93D-4F49-8D6B-754B80B27893}.Release|Any CPU.Build.0 = Release|Any CPU
		{1FEBFDD9-0D57-43D2-956E-1C9FDC6C9695}.Debug|Any CPU.ActiveCfg = Debug|Any CPU
		{1FEBFDD9-0D57-43D2-956E-1C9FDC6C9695}.Debug|Any CPU.Build.0 = Debug|Any CPU
		{1FEBFDD9-0D57-43D2-956E-1C9FDC6C9695}.Release|Any CPU.ActiveCfg = Release|Any CPU
		{1FEBFDD9-0D57-43D2-956E-1C9FDC6C9695}.Release|Any CPU.Build.0 = Release|Any CPU
		{EE2D048E-4428-4585-9D7E-1380EA04ACA8}.Debug|Any CPU.ActiveCfg = Debug|Any CPU
		{EE2D048E-4428-4585-9D7E-1380EA04ACA8}.Debug|Any CPU.Build.0 = Debug|Any CPU
		{EE2D048E-4428-4585-9D7E-1380EA04ACA8}.Release|Any CPU.ActiveCfg = Release|Any CPU
		{EE2D048E-4428-4585-9D7E-1380EA04ACA8}.Release|Any CPU.Build.0 = Release|Any CPU
		{F182FABA-AE63-4C41-8666-22A63B48E40F}.Debug|Any CPU.ActiveCfg = Debug|Any CPU
		{F182FABA-AE63-4C41-8666-22A63B48E40F}.Debug|Any CPU.Build.0 = Debug|Any CPU
		{F182FABA-AE63-4C41-8666-22A63B48E40F}.Release|Any CPU.ActiveCfg = Release|Any CPU
		{F182FABA-AE63-4C41-8666-22A63B48E40F}.Release|Any CPU.Build.0 = Release|Any CPU
		{23F322B9-7B9B-4C03-BA40-74F17AE78C54}.Debug|Any CPU.ActiveCfg = Debug|Any CPU
		{23F322B9-7B9B-4C03-BA40-74F17AE78C54}.Debug|Any CPU.Build.0 = Debug|Any CPU
		{23F322B9-7B9B-4C03-BA40-74F17AE78C54}.Release|Any CPU.ActiveCfg = Release|Any CPU
		{23F322B9-7B9B-4C03-BA40-74F17AE78C54}.Release|Any CPU.Build.0 = Release|Any CPU
		{D6D58C85-E722-4605-9293-F0501CAABD79}.Debug|Any CPU.ActiveCfg = Debug|Any CPU
		{D6D58C85-E722-4605-9293-F0501CAABD79}.Debug|Any CPU.Build.0 = Debug|Any CPU
		{D6D58C85-E722-4605-9293-F0501CAABD79}.Release|Any CPU.ActiveCfg = Release|Any CPU
		{D6D58C85-E722-4605-9293-F0501CAABD79}.Release|Any CPU.Build.0 = Release|Any CPU
		{BD5631CA-2CB5-4274-8D64-BC36841BE233}.Debug|Any CPU.ActiveCfg = Debug|Any CPU
		{BD5631CA-2CB5-4274-8D64-BC36841BE233}.Debug|Any CPU.Build.0 = Debug|Any CPU
		{BD5631CA-2CB5-4274-8D64-BC36841BE233}.Release|Any CPU.ActiveCfg = Release|Any CPU
		{BD5631CA-2CB5-4274-8D64-BC36841BE233}.Release|Any CPU.Build.0 = Release|Any CPU
		{EEB20748-01A3-4F54-A9D6-B49A0F55C81E}.Debug|Any CPU.ActiveCfg = Debug|Any CPU
		{EEB20748-01A3-4F54-A9D6-B49A0F55C81E}.Debug|Any CPU.Build.0 = Debug|Any CPU
		{EEB20748-01A3-4F54-A9D6-B49A0F55C81E}.Release|Any CPU.ActiveCfg = Release|Any CPU
		{EEB20748-01A3-4F54-A9D6-B49A0F55C81E}.Release|Any CPU.Build.0 = Release|Any CPU
	EndGlobalSection
	GlobalSection(SolutionProperties) = preSolution
		HideSolutionNode = FALSE
	EndGlobalSection
	GlobalSection(ExtensibilityGlobals) = postSolution
		SolutionGuid = {0F798A96-84E1-4B46-88C7-1544FAEDB1DE}
	EndGlobalSection
EndGlobal
